
Microsoft Visual Studio Solution File, Format Version 12.00
# Visual Studio Version 16
VisualStudioVersion = 16.0.30503.244
MinimumVisualStudioVersion = 10.0.40219.1
Project("{FAE04EC0-301F-11D3-BF4B-00C04F79EFBC}") = "AddressBook", "AddressBook\AddressBook.csproj", "{6DFDC563-8550-41C5-B4DB-C7F968562E51}"
EndProject
Global
	GlobalSection(SolutionConfigurationPlatforms) = preSolution
		Debug|Any CPU = Debug|Any CPU
		Release|Any CPU = Release|Any CPU
	EndGlobalSection
	GlobalSection(ProjectConfigurationPlatforms) = postSolution
		{6DFDC563-8550-41C5-B4DB-C7F968562E51}.Debug|Any CPU.ActiveCfg = Debug|Any CPU
		{6DFDC563-8550-41C5-B4DB-C7F968562E51}.Debug|Any CPU.Build.0 = Debug|Any CPU
		{6DFDC563-8550-41C5-B4DB-C7F968562E51}.Release|Any CPU.ActiveCfg = Release|Any CPU
		{6DFDC563-8550-41C5-B4DB-C7F968562E51}.Release|Any CPU.Build.0 = Release|Any CPU
	EndGlobalSection
	GlobalSection(SolutionProperties) = preSolution
		HideSolutionNode = FALSE
	EndGlobalSection
	GlobalSection(ExtensibilityGlobals) = postSolution
		SolutionGuid = {FCC88117-A580-45C2-8DFF-BD2226CB4402}
	EndGlobalSection
EndGlobal
